// !$*UTF8*$!
{
	archiveVersion = 1;
	classes = {
	};
	objectVersion = 46;
	objects = {

/* Begin PBXBuildFile section */
		2CC2143382454478989F04C3 /* libPods-GHUnitTest.a in Frameworks */ = {isa = PBXBuildFile; fileRef = 73EC90ECA1FF437CB94D36CA /* libPods-GHUnitTest.a */; };
		4E0B2B3172B54FED9103E01F /* libPods-KiwiTest.a in Frameworks */ = {isa = PBXBuildFile; fileRef = DF14B88813C24FF78EF6B837 /* libPods-KiwiTest.a */; };
		545BB4C3174471BE00DA959B /* UIKit.framework in Frameworks */ = {isa = PBXBuildFile; fileRef = 545BB4C2174471BE00DA959B /* UIKit.framework */; };
		545BB4C5174471BE00DA959B /* Foundation.framework in Frameworks */ = {isa = PBXBuildFile; fileRef = 545BB4C4174471BE00DA959B /* Foundation.framework */; };
		545BB4C7174471BE00DA959B /* CoreGraphics.framework in Frameworks */ = {isa = PBXBuildFile; fileRef = 545BB4C6174471BE00DA959B /* CoreGraphics.framework */; };
		545BB4CD174471BE00DA959B /* InfoPlist.strings in Resources */ = {isa = PBXBuildFile; fileRef = 545BB4CB174471BE00DA959B /* InfoPlist.strings */; };
		545BB4CF174471BE00DA959B /* main.m in Sources */ = {isa = PBXBuildFile; fileRef = 545BB4CE174471BE00DA959B /* main.m */; };
		545BB4D3174471BE00DA959B /* MixiAppDelegate.m in Sources */ = {isa = PBXBuildFile; fileRef = 545BB4D2174471BE00DA959B /* MixiAppDelegate.m */; };
		545BB4D5174471BE00DA959B /* Default.png in Resources */ = {isa = PBXBuildFile; fileRef = 545BB4D4174471BE00DA959B /* Default.png */; };
		545BB4D7174471BE00DA959B /* Default@2x.png in Resources */ = {isa = PBXBuildFile; fileRef = 545BB4D6174471BE00DA959B /* Default@2x.png */; };
		545BB4D9174471BE00DA959B /* Default-568h@2x.png in Resources */ = {isa = PBXBuildFile; fileRef = 545BB4D8174471BE00DA959B /* Default-568h@2x.png */; };
		545BB4DC174471BE00DA959B /* MixiViewController.m in Sources */ = {isa = PBXBuildFile; fileRef = 545BB4DB174471BE00DA959B /* MixiViewController.m */; };
		545BB4DF174471BF00DA959B /* MixiViewController.xib in Resources */ = {isa = PBXBuildFile; fileRef = 545BB4DD174471BF00DA959B /* MixiViewController.xib */; };
		545BB4E71744735600DA959B /* MixiJanken.m in Sources */ = {isa = PBXBuildFile; fileRef = 545BB4E61744735600DA959B /* MixiJanken.m */; };
		54B265E4174B67DA00F427A5 /* UIKit.framework in Frameworks */ = {isa = PBXBuildFile; fileRef = 545BB4C2174471BE00DA959B /* UIKit.framework */; };
		54B265E5174B67DA00F427A5 /* Foundation.framework in Frameworks */ = {isa = PBXBuildFile; fileRef = 545BB4C4174471BE00DA959B /* Foundation.framework */; };
		54B265E6174B67DA00F427A5 /* CoreGraphics.framework in Frameworks */ = {isa = PBXBuildFile; fileRef = 545BB4C6174471BE00DA959B /* CoreGraphics.framework */; };
		54B265EC174B67DA00F427A5 /* InfoPlist.strings in Resources */ = {isa = PBXBuildFile; fileRef = 54B265EA174B67DA00F427A5 /* InfoPlist.strings */; };
		54B265EE174B67DA00F427A5 /* main.m in Sources */ = {isa = PBXBuildFile; fileRef = 54B265ED174B67DA00F427A5 /* main.m */; };
		54B265F4174B67DA00F427A5 /* Default.png in Resources */ = {isa = PBXBuildFile; fileRef = 54B265F3174B67DA00F427A5 /* Default.png */; };
		54B265F6174B67DA00F427A5 /* Default@2x.png in Resources */ = {isa = PBXBuildFile; fileRef = 54B265F5174B67DA00F427A5 /* Default@2x.png */; };
		54B265F8174B67DA00F427A5 /* Default-568h@2x.png in Resources */ = {isa = PBXBuildFile; fileRef = 54B265F7174B67DA00F427A5 /* Default-568h@2x.png */; };
		54B265FD174B67F800F427A5 /* QuartzCore.framework in Frameworks */ = {isa = PBXBuildFile; fileRef = 54B265FC174B67F800F427A5 /* QuartzCore.framework */; };
		54B26605174B68A800F427A5 /* SenTestingKit.framework in Frameworks */ = {isa = PBXBuildFile; fileRef = 54B26604174B68A800F427A5 /* SenTestingKit.framework */; };
		54B26606174B68A800F427A5 /* UIKit.framework in Frameworks */ = {isa = PBXBuildFile; fileRef = 545BB4C2174471BE00DA959B /* UIKit.framework */; };
		54B26607174B68A800F427A5 /* Foundation.framework in Frameworks */ = {isa = PBXBuildFile; fileRef = 545BB4C4174471BE00DA959B /* Foundation.framework */; };
		54B2660D174B68A800F427A5 /* InfoPlist.strings in Resources */ = {isa = PBXBuildFile; fileRef = 54B2660B174B68A800F427A5 /* InfoPlist.strings */; };
		54B26610174B68A800F427A5 /* KiwiTest.m in Sources */ = {isa = PBXBuildFile; fileRef = 54B2660F174B68A800F427A5 /* KiwiTest.m */; };
		54B26617174B698400F427A5 /* main.m in Sources */ = {isa = PBXBuildFile; fileRef = 545BB4CE174471BE00DA959B /* main.m */; };
		54B26618174B698400F427A5 /* MixiAppDelegate.m in Sources */ = {isa = PBXBuildFile; fileRef = 545BB4D2174471BE00DA959B /* MixiAppDelegate.m */; };
		54B26619174B698400F427A5 /* MixiViewController.m in Sources */ = {isa = PBXBuildFile; fileRef = 545BB4DB174471BE00DA959B /* MixiViewController.m */; };
		54B2661A174B698400F427A5 /* MixiJanken.m in Sources */ = {isa = PBXBuildFile; fileRef = 545BB4E61744735600DA959B /* MixiJanken.m */; };
		54B2661C174B698400F427A5 /* UIKit.framework in Frameworks */ = {isa = PBXBuildFile; fileRef = 545BB4C2174471BE00DA959B /* UIKit.framework */; };
		54B2661D174B698400F427A5 /* Foundation.framework in Frameworks */ = {isa = PBXBuildFile; fileRef = 545BB4C4174471BE00DA959B /* Foundation.framework */; };
		54B2661E174B698400F427A5 /* CoreGraphics.framework in Frameworks */ = {isa = PBXBuildFile; fileRef = 545BB4C6174471BE00DA959B /* CoreGraphics.framework */; };
		54B26620174B698400F427A5 /* InfoPlist.strings in Resources */ = {isa = PBXBuildFile; fileRef = 545BB4CB174471BE00DA959B /* InfoPlist.strings */; };
		54B26621174B698400F427A5 /* Default.png in Resources */ = {isa = PBXBuildFile; fileRef = 545BB4D4174471BE00DA959B /* Default.png */; };
		54B26622174B698400F427A5 /* Default@2x.png in Resources */ = {isa = PBXBuildFile; fileRef = 545BB4D6174471BE00DA959B /* Default@2x.png */; };
		54B26623174B698400F427A5 /* Default-568h@2x.png in Resources */ = {isa = PBXBuildFile; fileRef = 545BB4D8174471BE00DA959B /* Default-568h@2x.png */; };
		54B26624174B698400F427A5 /* MixiViewController.xib in Resources */ = {isa = PBXBuildFile; fileRef = 545BB4DD174471BF00DA959B /* MixiViewController.xib */; };
		54B26630174B6B6400F427A5 /* JankenTestController.m in Sources */ = {isa = PBXBuildFile; fileRef = 54B2662F174B6B6400F427A5 /* JankenTestController.m */; };
		639250334C7449C4B254B246 /* libPods-jankenKIF.a in Frameworks */ = {isa = PBXBuildFile; fileRef = 7C0668126D5343CA8445FB10 /* libPods-jankenKIF.a */; };
/* End PBXBuildFile section */

/* Begin PBXFileReference section */
		3423303614F24E72B11E80A8 /* Pods-KiwiTest.xcconfig */ = {isa = PBXFileReference; includeInIndex = 1; lastKnownFileType = text.xcconfig; name = "Pods-KiwiTest.xcconfig"; path = "Pods/Pods-KiwiTest.xcconfig"; sourceTree = SOURCE_ROOT; };
		545BB4BF174471BE00DA959B /* janken.app */ = {isa = PBXFileReference; explicitFileType = wrapper.application; includeInIndex = 0; path = janken.app; sourceTree = BUILT_PRODUCTS_DIR; };
		545BB4C2174471BE00DA959B /* UIKit.framework */ = {isa = PBXFileReference; lastKnownFileType = wrapper.framework; name = UIKit.framework; path = System/Library/Frameworks/UIKit.framework; sourceTree = SDKROOT; };
		545BB4C4174471BE00DA959B /* Foundation.framework */ = {isa = PBXFileReference; lastKnownFileType = wrapper.framework; name = Foundation.framework; path = System/Library/Frameworks/Foundation.framework; sourceTree = SDKROOT; };
		545BB4C6174471BE00DA959B /* CoreGraphics.framework */ = {isa = PBXFileReference; lastKnownFileType = wrapper.framework; name = CoreGraphics.framework; path = System/Library/Frameworks/CoreGraphics.framework; sourceTree = SDKROOT; };
		545BB4CA174471BE00DA959B /* janken-Info.plist */ = {isa = PBXFileReference; lastKnownFileType = text.plist.xml; path = "janken-Info.plist"; sourceTree = "<group>"; };
		545BB4CC174471BE00DA959B /* en */ = {isa = PBXFileReference; lastKnownFileType = text.plist.strings; name = en; path = en.lproj/InfoPlist.strings; sourceTree = "<group>"; };
		545BB4CE174471BE00DA959B /* main.m */ = {isa = PBXFileReference; lastKnownFileType = sourcecode.c.objc; path = main.m; sourceTree = "<group>"; };
		545BB4D0174471BE00DA959B /* janken-Prefix.pch */ = {isa = PBXFileReference; lastKnownFileType = sourcecode.c.h; path = "janken-Prefix.pch"; sourceTree = "<group>"; };
		545BB4D1174471BE00DA959B /* MixiAppDelegate.h */ = {isa = PBXFileReference; lastKnownFileType = sourcecode.c.h; path = MixiAppDelegate.h; sourceTree = "<group>"; };
		545BB4D2174471BE00DA959B /* MixiAppDelegate.m */ = {isa = PBXFileReference; lastKnownFileType = sourcecode.c.objc; path = MixiAppDelegate.m; sourceTree = "<group>"; };
		545BB4D4174471BE00DA959B /* Default.png */ = {isa = PBXFileReference; lastKnownFileType = image.png; path = Default.png; sourceTree = "<group>"; };
		545BB4D6174471BE00DA959B /* Default@2x.png */ = {isa = PBXFileReference; lastKnownFileType = image.png; path = "Default@2x.png"; sourceTree = "<group>"; };
		545BB4D8174471BE00DA959B /* Default-568h@2x.png */ = {isa = PBXFileReference; lastKnownFileType = image.png; path = "Default-568h@2x.png"; sourceTree = "<group>"; };
		545BB4DA174471BE00DA959B /* MixiViewController.h */ = {isa = PBXFileReference; lastKnownFileType = sourcecode.c.h; path = MixiViewController.h; sourceTree = "<group>"; };
		545BB4DB174471BE00DA959B /* MixiViewController.m */ = {isa = PBXFileReference; lastKnownFileType = sourcecode.c.objc; path = MixiViewController.m; sourceTree = "<group>"; };
		545BB4DE174471BF00DA959B /* en */ = {isa = PBXFileReference; lastKnownFileType = file.xib; name = en; path = en.lproj/MixiViewController.xib; sourceTree = "<group>"; };
		545BB4E51744735600DA959B /* MixiJanken.h */ = {isa = PBXFileReference; fileEncoding = 4; lastKnownFileType = sourcecode.c.h; path = MixiJanken.h; sourceTree = "<group>"; };
		545BB4E61744735600DA959B /* MixiJanken.m */ = {isa = PBXFileReference; fileEncoding = 4; lastKnownFileType = sourcecode.c.objc; path = MixiJanken.m; sourceTree = "<group>"; };
		54B265E3174B67DA00F427A5 /* GHUnitTest.app */ = {isa = PBXFileReference; explicitFileType = wrapper.application; includeInIndex = 0; path = GHUnitTest.app; sourceTree = BUILT_PRODUCTS_DIR; };
		54B265E9174B67DA00F427A5 /* GHUnitTest-Info.plist */ = {isa = PBXFileReference; lastKnownFileType = text.plist.xml; path = "GHUnitTest-Info.plist"; sourceTree = "<group>"; };
		54B265EB174B67DA00F427A5 /* en */ = {isa = PBXFileReference; lastKnownFileType = text.plist.strings; name = en; path = en.lproj/InfoPlist.strings; sourceTree = "<group>"; };
		54B265ED174B67DA00F427A5 /* main.m */ = {isa = PBXFileReference; lastKnownFileType = sourcecode.c.objc; path = main.m; sourceTree = "<group>"; };
		54B265EF174B67DA00F427A5 /* GHUnitTest-Prefix.pch */ = {isa = PBXFileReference; lastKnownFileType = sourcecode.c.h; path = "GHUnitTest-Prefix.pch"; sourceTree = "<group>"; };
		54B265F3174B67DA00F427A5 /* Default.png */ = {isa = PBXFileReference; lastKnownFileType = image.png; path = Default.png; sourceTree = "<group>"; };
		54B265F5174B67DA00F427A5 /* Default@2x.png */ = {isa = PBXFileReference; lastKnownFileType = image.png; path = "Default@2x.png"; sourceTree = "<group>"; };
		54B265F7174B67DA00F427A5 /* Default-568h@2x.png */ = {isa = PBXFileReference; lastKnownFileType = image.png; path = "Default-568h@2x.png"; sourceTree = "<group>"; };
		54B265FC174B67F800F427A5 /* QuartzCore.framework */ = {isa = PBXFileReference; lastKnownFileType = wrapper.framework; name = QuartzCore.framework; path = System/Library/Frameworks/QuartzCore.framework; sourceTree = SDKROOT; };
		54B26603174B68A800F427A5 /* KiwiTest.octest */ = {isa = PBXFileReference; explicitFileType = wrapper.cfbundle; includeInIndex = 0; path = KiwiTest.octest; sourceTree = BUILT_PRODUCTS_DIR; };
		54B26604174B68A800F427A5 /* SenTestingKit.framework */ = {isa = PBXFileReference; lastKnownFileType = wrapper.framework; name = SenTestingKit.framework; path = Library/Frameworks/SenTestingKit.framework; sourceTree = DEVELOPER_DIR; };
		54B2660A174B68A800F427A5 /* KiwiTest-Info.plist */ = {isa = PBXFileReference; lastKnownFileType = text.plist.xml; path = "KiwiTest-Info.plist"; sourceTree = "<group>"; };
		54B2660C174B68A800F427A5 /* en */ = {isa = PBXFileReference; lastKnownFileType = text.plist.strings; name = en; path = en.lproj/InfoPlist.strings; sourceTree = "<group>"; };
		54B2660E174B68A800F427A5 /* KiwiTest.h */ = {isa = PBXFileReference; lastKnownFileType = sourcecode.c.h; path = KiwiTest.h; sourceTree = "<group>"; };
		54B2660F174B68A800F427A5 /* KiwiTest.m */ = {isa = PBXFileReference; lastKnownFileType = sourcecode.c.objc; path = KiwiTest.m; sourceTree = "<group>"; };
		54B26611174B68A800F427A5 /* KiwiTest-Prefix.pch */ = {isa = PBXFileReference; lastKnownFileType = sourcecode.c.h; path = "KiwiTest-Prefix.pch"; sourceTree = "<group>"; };
		54B26628174B698400F427A5 /* janken KIF.app */ = {isa = PBXFileReference; explicitFileType = wrapper.application; includeInIndex = 0; path = "janken KIF.app"; sourceTree = BUILT_PRODUCTS_DIR; };
		54B26629174B698400F427A5 /* janken copy-Info.plist */ = {isa = PBXFileReference; lastKnownFileType = text.plist.xml; name = "janken copy-Info.plist"; path = "/Users/yuichi.takeda/Development/tech-study/ios-study/ios-traning-2013-05/iOSTraining/SampleProjects/11.0/janken-all/janken copy-Info.plist"; sourceTree = "<absolute>"; };
		54B2662E174B6B6400F427A5 /* JankenTestController.h */ = {isa = PBXFileReference; fileEncoding = 4; lastKnownFileType = sourcecode.c.h; path = JankenTestController.h; sourceTree = "<group>"; };
		54B2662F174B6B6400F427A5 /* JankenTestController.m */ = {isa = PBXFileReference; fileEncoding = 4; lastKnownFileType = sourcecode.c.objc; path = JankenTestController.m; sourceTree = "<group>"; };
		73EC90ECA1FF437CB94D36CA /* libPods-GHUnitTest.a */ = {isa = PBXFileReference; explicitFileType = archive.ar; includeInIndex = 0; path = "libPods-GHUnitTest.a"; sourceTree = BUILT_PRODUCTS_DIR; };
		7C0668126D5343CA8445FB10 /* libPods-jankenKIF.a */ = {isa = PBXFileReference; explicitFileType = archive.ar; includeInIndex = 0; path = "libPods-jankenKIF.a"; sourceTree = BUILT_PRODUCTS_DIR; };
		BCBC2CB363D34A5083FBF606 /* Pods-GHUnitTest.xcconfig */ = {isa = PBXFileReference; includeInIndex = 1; lastKnownFileType = text.xcconfig; name = "Pods-GHUnitTest.xcconfig"; path = "Pods/Pods-GHUnitTest.xcconfig"; sourceTree = SOURCE_ROOT; };
		DF14B88813C24FF78EF6B837 /* libPods-KiwiTest.a */ = {isa = PBXFileReference; explicitFileType = archive.ar; includeInIndex = 0; path = "libPods-KiwiTest.a"; sourceTree = BUILT_PRODUCTS_DIR; };
		DFBC0B08D937485CB1FBAA85 /* Pods-jankenKIF.xcconfig */ = {isa = PBXFileReference; includeInIndex = 1; lastKnownFileType = text.xcconfig; name = "Pods-jankenKIF.xcconfig"; path = "Pods/Pods-jankenKIF.xcconfig"; sourceTree = SOURCE_ROOT; };
/* End PBXFileReference section */

/* Begin PBXFrameworksBuildPhase section */
		545BB4BC174471BE00DA959B /* Frameworks */ = {
			isa = PBXFrameworksBuildPhase;
			buildActionMask = 2147483647;
			files = (
				545BB4C3174471BE00DA959B /* UIKit.framework in Frameworks */,
				545BB4C5174471BE00DA959B /* Foundation.framework in Frameworks */,
				545BB4C7174471BE00DA959B /* CoreGraphics.framework in Frameworks */,
			);
			runOnlyForDeploymentPostprocessing = 0;
		};
		54B265E0174B67DA00F427A5 /* Frameworks */ = {
			isa = PBXFrameworksBuildPhase;
			buildActionMask = 2147483647;
			files = (
				54B265FD174B67F800F427A5 /* QuartzCore.framework in Frameworks */,
				54B265E4174B67DA00F427A5 /* UIKit.framework in Frameworks */,
				54B265E5174B67DA00F427A5 /* Foundation.framework in Frameworks */,
				54B265E6174B67DA00F427A5 /* CoreGraphics.framework in Frameworks */,
				2CC2143382454478989F04C3 /* libPods-GHUnitTest.a in Frameworks */,
			);
			runOnlyForDeploymentPostprocessing = 0;
		};
		54B265FF174B68A800F427A5 /* Frameworks */ = {
			isa = PBXFrameworksBuildPhase;
			buildActionMask = 2147483647;
			files = (
				54B26605174B68A800F427A5 /* SenTestingKit.framework in Frameworks */,
				54B26606174B68A800F427A5 /* UIKit.framework in Frameworks */,
				54B26607174B68A800F427A5 /* Foundation.framework in Frameworks */,
				4E0B2B3172B54FED9103E01F /* libPods-KiwiTest.a in Frameworks */,
			);
			runOnlyForDeploymentPostprocessing = 0;
		};
		54B2661B174B698400F427A5 /* Frameworks */ = {
			isa = PBXFrameworksBuildPhase;
			buildActionMask = 2147483647;
			files = (
				54B2661C174B698400F427A5 /* UIKit.framework in Frameworks */,
				54B2661D174B698400F427A5 /* Foundation.framework in Frameworks */,
				54B2661E174B698400F427A5 /* CoreGraphics.framework in Frameworks */,
				639250334C7449C4B254B246 /* libPods-jankenKIF.a in Frameworks */,
			);
			runOnlyForDeploymentPostprocessing = 0;
		};
/* End PBXFrameworksBuildPhase section */

/* Begin PBXGroup section */
		545BB4B6174471BE00DA959B = {
			isa = PBXGroup;
			children = (
				545BB4C8174471BE00DA959B /* janken */,
				54B265E7174B67DA00F427A5 /* GHUnitTest */,
				54B26608174B68A800F427A5 /* KiwiTest */,
				54B2662A174B6AFD00F427A5 /* jankenKIF */,
				545BB4C1174471BE00DA959B /* Frameworks */,
				545BB4C0174471BE00DA959B /* Products */,
				BCBC2CB363D34A5083FBF606 /* Pods-GHUnitTest.xcconfig */,
				3423303614F24E72B11E80A8 /* Pods-KiwiTest.xcconfig */,
				54B26629174B698400F427A5 /* janken copy-Info.plist */,
				DFBC0B08D937485CB1FBAA85 /* Pods-jankenKIF.xcconfig */,
			);
			sourceTree = "<group>";
		};
		545BB4C0174471BE00DA959B /* Products */ = {
			isa = PBXGroup;
			children = (
				545BB4BF174471BE00DA959B /* janken.app */,
				54B265E3174B67DA00F427A5 /* GHUnitTest.app */,
				54B26603174B68A800F427A5 /* KiwiTest.octest */,
				54B26628174B698400F427A5 /* janken KIF.app */,
			);
			name = Products;
			sourceTree = "<group>";
		};
		545BB4C1174471BE00DA959B /* Frameworks */ = {
			isa = PBXGroup;
			children = (
				54B265FC174B67F800F427A5 /* QuartzCore.framework */,
				545BB4C2174471BE00DA959B /* UIKit.framework */,
				545BB4C4174471BE00DA959B /* Foundation.framework */,
				545BB4C6174471BE00DA959B /* CoreGraphics.framework */,
				73EC90ECA1FF437CB94D36CA /* libPods-GHUnitTest.a */,
				54B26604174B68A800F427A5 /* SenTestingKit.framework */,
				DF14B88813C24FF78EF6B837 /* libPods-KiwiTest.a */,
				7C0668126D5343CA8445FB10 /* libPods-jankenKIF.a */,
			);
			name = Frameworks;
			sourceTree = "<group>";
		};
		545BB4C8174471BE00DA959B /* janken */ = {
			isa = PBXGroup;
			children = (
				545BB4D1174471BE00DA959B /* MixiAppDelegate.h */,
				545BB4D2174471BE00DA959B /* MixiAppDelegate.m */,
				545BB4DA174471BE00DA959B /* MixiViewController.h */,
				545BB4DB174471BE00DA959B /* MixiViewController.m */,
				545BB4E51744735600DA959B /* MixiJanken.h */,
				545BB4E61744735600DA959B /* MixiJanken.m */,
				545BB4DD174471BF00DA959B /* MixiViewController.xib */,
				545BB4C9174471BE00DA959B /* Supporting Files */,
			);
			path = janken;
			sourceTree = "<group>";
		};
		545BB4C9174471BE00DA959B /* Supporting Files */ = {
			isa = PBXGroup;
			children = (
				545BB4CA174471BE00DA959B /* janken-Info.plist */,
				545BB4CB174471BE00DA959B /* InfoPlist.strings */,
				545BB4CE174471BE00DA959B /* main.m */,
				545BB4D0174471BE00DA959B /* janken-Prefix.pch */,
				545BB4D4174471BE00DA959B /* Default.png */,
				545BB4D6174471BE00DA959B /* Default@2x.png */,
				545BB4D8174471BE00DA959B /* Default-568h@2x.png */,
			);
			name = "Supporting Files";
			sourceTree = "<group>";
		};
		54B265E7174B67DA00F427A5 /* GHUnitTest */ = {
			isa = PBXGroup;
			children = (
				54B265E8174B67DA00F427A5 /* Supporting Files */,
			);
			path = GHUnitTest;
			sourceTree = "<group>";
		};
		54B265E8174B67DA00F427A5 /* Supporting Files */ = {
			isa = PBXGroup;
			children = (
				54B265E9174B67DA00F427A5 /* GHUnitTest-Info.plist */,
				54B265EA174B67DA00F427A5 /* InfoPlist.strings */,
				54B265ED174B67DA00F427A5 /* main.m */,
				54B265EF174B67DA00F427A5 /* GHUnitTest-Prefix.pch */,
				54B265F3174B67DA00F427A5 /* Default.png */,
				54B265F5174B67DA00F427A5 /* Default@2x.png */,
				54B265F7174B67DA00F427A5 /* Default-568h@2x.png */,
			);
			name = "Supporting Files";
			sourceTree = "<group>";
		};
		54B26608174B68A800F427A5 /* KiwiTest */ = {
			isa = PBXGroup;
			children = (
				54B2660E174B68A800F427A5 /* KiwiTest.h */,
				54B2660F174B68A800F427A5 /* KiwiTest.m */,
				54B26609174B68A800F427A5 /* Supporting Files */,
			);
			path = KiwiTest;
			sourceTree = "<group>";
		};
		54B26609174B68A800F427A5 /* Supporting Files */ = {
			isa = PBXGroup;
			children = (
				54B2660A174B68A800F427A5 /* KiwiTest-Info.plist */,
				54B2660B174B68A800F427A5 /* InfoPlist.strings */,
				54B26611174B68A800F427A5 /* KiwiTest-Prefix.pch */,
			);
			name = "Supporting Files";
			sourceTree = "<group>";
		};
		54B2662A174B6AFD00F427A5 /* jankenKIF */ = {
			isa = PBXGroup;
			children = (
				54B2662E174B6B6400F427A5 /* JankenTestController.h */,
				54B2662F174B6B6400F427A5 /* JankenTestController.m */,
			);
			name = jankenKIF;
			sourceTree = "<group>";
		};
/* End PBXGroup section */

/* Begin PBXNativeTarget section */
		545BB4BE174471BE00DA959B /* janken */ = {
			isa = PBXNativeTarget;
			buildConfigurationList = 545BB4E2174471BF00DA959B /* Build configuration list for PBXNativeTarget "janken" */;
			buildPhases = (
				545BB4BB174471BE00DA959B /* Sources */,
				545BB4BC174471BE00DA959B /* Frameworks */,
				545BB4BD174471BE00DA959B /* Resources */,
			);
			buildRules = (
			);
			dependencies = (
			);
			name = janken;
			productName = janken;
			productReference = 545BB4BF174471BE00DA959B /* janken.app */;
			productType = "com.apple.product-type.application";
		};
		54B265E2174B67DA00F427A5 /* GHUnitTest */ = {
			isa = PBXNativeTarget;
			buildConfigurationList = 54B265FB174B67DA00F427A5 /* Build configuration list for PBXNativeTarget "GHUnitTest" */;
			buildPhases = (
				138E3A3759CD4D36817ABD35 /* Check Pods Manifest.lock */,
				54B265DF174B67DA00F427A5 /* Sources */,
				54B265E0174B67DA00F427A5 /* Frameworks */,
				54B265E1174B67DA00F427A5 /* Resources */,
				BFD5BADCDD0D446F99812DB3 /* Copy Pods Resources */,
			);
			buildRules = (
			);
			dependencies = (
			);
			name = GHUnitTest;
			productName = GHUnitTest;
			productReference = 54B265E3174B67DA00F427A5 /* GHUnitTest.app */;
			productType = "com.apple.product-type.application";
		};
		54B26602174B68A800F427A5 /* KiwiTest */ = {
			isa = PBXNativeTarget;
			buildConfigurationList = 54B26612174B68A800F427A5 /* Build configuration list for PBXNativeTarget "KiwiTest" */;
			buildPhases = (
				62FCE895F20C435A8AC5E56A /* Check Pods Manifest.lock */,
				54B265FE174B68A800F427A5 /* Sources */,
				54B265FF174B68A800F427A5 /* Frameworks */,
				54B26600174B68A800F427A5 /* Resources */,
				54B26601174B68A800F427A5 /* ShellScript */,
				94669BA309A0471380A83C11 /* Copy Pods Resources */,
			);
			buildRules = (
			);
			dependencies = (
			);
			name = KiwiTest;
			productName = KiwiTest;
			productReference = 54B26603174B68A800F427A5 /* KiwiTest.octest */;
			productType = "com.apple.product-type.bundle";
		};
		54B26615174B698400F427A5 /* jankenKIF */ = {
			isa = PBXNativeTarget;
			buildConfigurationList = 54B26625174B698400F427A5 /* Build configuration list for PBXNativeTarget "jankenKIF" */;
			buildPhases = (
				4950831225AF419B876BA6A3 /* Check Pods Manifest.lock */,
				54B26616174B698400F427A5 /* Sources */,
				54B2661B174B698400F427A5 /* Frameworks */,
				54B2661F174B698400F427A5 /* Resources */,
				01B75C1E82E44DAEBA956214 /* Copy Pods Resources */,
			);
			buildRules = (
			);
			dependencies = (
			);
			name = jankenKIF;
			productName = janken;
			productReference = 54B26628174B698400F427A5 /* janken KIF.app */;
			productType = "com.apple.product-type.application";
		};
/* End PBXNativeTarget section */

/* Begin PBXProject section */
		545BB4B7174471BE00DA959B /* Project object */ = {
			isa = PBXProject;
			attributes = {
				CLASSPREFIX = Mixi;
				LastUpgradeCheck = 0460;
				ORGANIZATIONNAME = "武田 祐一";
			};
			buildConfigurationList = 545BB4BA174471BE00DA959B /* Build configuration list for PBXProject "janken" */;
			compatibilityVersion = "Xcode 3.2";
			developmentRegion = English;
			hasScannedForEncodings = 0;
			knownRegions = (
				en,
			);
			mainGroup = 545BB4B6174471BE00DA959B;
			productRefGroup = 545BB4C0174471BE00DA959B /* Products */;
			projectDirPath = "";
			projectRoot = "";
			targets = (
				545BB4BE174471BE00DA959B /* janken */,
				54B265E2174B67DA00F427A5 /* GHUnitTest */,
				54B26602174B68A800F427A5 /* KiwiTest */,
				54B26615174B698400F427A5 /* jankenKIF */,
			);
		};
/* End PBXProject section */

/* Begin PBXResourcesBuildPhase section */
		545BB4BD174471BE00DA959B /* Resources */ = {
			isa = PBXResourcesBuildPhase;
			buildActionMask = 2147483647;
			files = (
				545BB4CD174471BE00DA959B /* InfoPlist.strings in Resources */,
				545BB4D5174471BE00DA959B /* Default.png in Resources */,
				545BB4D7174471BE00DA959B /* Default@2x.png in Resources */,
				545BB4D9174471BE00DA959B /* Default-568h@2x.png in Resources */,
				545BB4DF174471BF00DA959B /* MixiViewController.xib in Resources */,
			);
			runOnlyForDeploymentPostprocessing = 0;
		};
		54B265E1174B67DA00F427A5 /* Resources */ = {
			isa = PBXResourcesBuildPhase;
			buildActionMask = 2147483647;
			files = (
				54B265EC174B67DA00F427A5 /* InfoPlist.strings in Resources */,
				54B265F4174B67DA00F427A5 /* Default.png in Resources */,
				54B265F6174B67DA00F427A5 /* Default@2x.png in Resources */,
				54B265F8174B67DA00F427A5 /* Default-568h@2x.png in Resources */,
			);
			runOnlyForDeploymentPostprocessing = 0;
		};
		54B26600174B68A800F427A5 /* Resources */ = {
			isa = PBXResourcesBuildPhase;
			buildActionMask = 2147483647;
			files = (
				54B2660D174B68A800F427A5 /* InfoPlist.strings in Resources */,
			);
			runOnlyForDeploymentPostprocessing = 0;
		};
		54B2661F174B698400F427A5 /* Resources */ = {
			isa = PBXResourcesBuildPhase;
			buildActionMask = 2147483647;
			files = (
				54B26620174B698400F427A5 /* InfoPlist.strings in Resources */,
				54B26621174B698400F427A5 /* Default.png in Resources */,
				54B26622174B698400F427A5 /* Default@2x.png in Resources */,
				54B26623174B698400F427A5 /* Default-568h@2x.png in Resources */,
				54B26624174B698400F427A5 /* MixiViewController.xib in Resources */,
			);
			runOnlyForDeploymentPostprocessing = 0;
		};
/* End PBXResourcesBuildPhase section */

/* Begin PBXShellScriptBuildPhase section */
		01B75C1E82E44DAEBA956214 /* Copy Pods Resources */ = {
			isa = PBXShellScriptBuildPhase;
			buildActionMask = 2147483647;
			files = (
			);
			inputPaths = (
			);
			name = "Copy Pods Resources";
			outputPaths = (
			);
			runOnlyForDeploymentPostprocessing = 0;
			shellPath = /bin/sh;
			shellScript = "\"${SRCROOT}/Pods/Pods-jankenKIF-resources.sh\"\n";
		};
		138E3A3759CD4D36817ABD35 /* Check Pods Manifest.lock */ = {
			isa = PBXShellScriptBuildPhase;
			buildActionMask = 2147483647;
			files = (
			);
			inputPaths = (
			);
			name = "Check Pods Manifest.lock";
			outputPaths = (
			);
			runOnlyForDeploymentPostprocessing = 0;
			shellPath = /bin/sh;
			shellScript = "diff \"${PODS_ROOT}/../Podfile.lock\" \"${PODS_ROOT}/Manifest.lock\" > /dev/null\nif [[ $? != 0 ]] ; then\n    cat << EOM\nerror: The sandbox is not in sync with the Podfile.lock. Run 'pod install' or update your CocoaPods installation.\nEOM\n    exit 1\nfi\n";
		};
		4950831225AF419B876BA6A3 /* Check Pods Manifest.lock */ = {
			isa = PBXShellScriptBuildPhase;
			buildActionMask = 2147483647;
			files = (
			);
			inputPaths = (
			);
			name = "Check Pods Manifest.lock";
			outputPaths = (
			);
			runOnlyForDeploymentPostprocessing = 0;
			shellPath = /bin/sh;
			shellScript = "diff \"${PODS_ROOT}/../Podfile.lock\" \"${PODS_ROOT}/Manifest.lock\" > /dev/null\nif [[ $? != 0 ]] ; then\n    cat << EOM\nerror: The sandbox is not in sync with the Podfile.lock. Run 'pod install' or update your CocoaPods installation.\nEOM\n    exit 1\nfi\n";
		};
		54B26601174B68A800F427A5 /* ShellScript */ = {
			isa = PBXShellScriptBuildPhase;
			buildActionMask = 2147483647;
			files = (
			);
			inputPaths = (
			);
			outputPaths = (
			);
			runOnlyForDeploymentPostprocessing = 0;
			shellPath = /bin/sh;
			shellScript = "# Run the unit tests in this test bundle.\n\"${SYSTEM_DEVELOPER_DIR}/Tools/RunUnitTests\"\n";
		};
		62FCE895F20C435A8AC5E56A /* Check Pods Manifest.lock */ = {
			isa = PBXShellScriptBuildPhase;
			buildActionMask = 2147483647;
			files = (
			);
			inputPaths = (
			);
			name = "Check Pods Manifest.lock";
			outputPaths = (
			);
			runOnlyForDeploymentPostprocessing = 0;
			shellPath = /bin/sh;
			shellScript = "diff \"${PODS_ROOT}/../Podfile.lock\" \"${PODS_ROOT}/Manifest.lock\" > /dev/null\nif [[ $? != 0 ]] ; then\n    cat << EOM\nerror: The sandbox is not in sync with the Podfile.lock. Run 'pod install' or update your CocoaPods installation.\nEOM\n    exit 1\nfi\n";
		};
		94669BA309A0471380A83C11 /* Copy Pods Resources */ = {
			isa = PBXShellScriptBuildPhase;
			buildActionMask = 2147483647;
			files = (
			);
			inputPaths = (
			);
			name = "Copy Pods Resources";
			outputPaths = (
			);
			runOnlyForDeploymentPostprocessing = 0;
			shellPath = /bin/sh;
			shellScript = "\"${SRCROOT}/Pods/Pods-KiwiTest-resources.sh\"\n";
		};
		BFD5BADCDD0D446F99812DB3 /* Copy Pods Resources */ = {
			isa = PBXShellScriptBuildPhase;
			buildActionMask = 2147483647;
			files = (
			);
			inputPaths = (
			);
			name = "Copy Pods Resources";
			outputPaths = (
			);
			runOnlyForDeploymentPostprocessing = 0;
			shellPath = /bin/sh;
			shellScript = "\"${SRCROOT}/Pods/Pods-GHUnitTest-resources.sh\"\n";
		};
/* End PBXShellScriptBuildPhase section */

/* Begin PBXSourcesBuildPhase section */
		545BB4BB174471BE00DA959B /* Sources */ = {
			isa = PBXSourcesBuildPhase;
			buildActionMask = 2147483647;
			files = (
				545BB4CF174471BE00DA959B /* main.m in Sources */,
				545BB4D3174471BE00DA959B /* MixiAppDelegate.m in Sources */,
				545BB4DC174471BE00DA959B /* MixiViewController.m in Sources */,
				545BB4E71744735600DA959B /* MixiJanken.m in Sources */,
			);
			runOnlyForDeploymentPostprocessing = 0;
		};
		54B265DF174B67DA00F427A5 /* Sources */ = {
			isa = PBXSourcesBuildPhase;
			buildActionMask = 2147483647;
			files = (
				54B265EE174B67DA00F427A5 /* main.m in Sources */,
			);
			runOnlyForDeploymentPostprocessing = 0;
		};
		54B265FE174B68A800F427A5 /* Sources */ = {
			isa = PBXSourcesBuildPhase;
			buildActionMask = 2147483647;
			files = (
				54B26610174B68A800F427A5 /* KiwiTest.m in Sources */,
			);
			runOnlyForDeploymentPostprocessing = 0;
		};
		54B26616174B698400F427A5 /* Sources */ = {
			isa = PBXSourcesBuildPhase;
			buildActionMask = 2147483647;
			files = (
				54B26617174B698400F427A5 /* main.m in Sources */,
				54B26618174B698400F427A5 /* MixiAppDelegate.m in Sources */,
				54B26619174B698400F427A5 /* MixiViewController.m in Sources */,
				54B2661A174B698400F427A5 /* MixiJanken.m in Sources */,
				54B26630174B6B6400F427A5 /* JankenTestController.m in Sources */,
			);
			runOnlyForDeploymentPostprocessing = 0;
		};
/* End PBXSourcesBuildPhase section */

/* Begin PBXVariantGroup section */
		545BB4CB174471BE00DA959B /* InfoPlist.strings */ = {
			isa = PBXVariantGroup;
			children = (
				545BB4CC174471BE00DA959B /* en */,
			);
			name = InfoPlist.strings;
			sourceTree = "<group>";
		};
		545BB4DD174471BF00DA959B /* MixiViewController.xib */ = {
			isa = PBXVariantGroup;
			children = (
				545BB4DE174471BF00DA959B /* en */,
			);
			name = MixiViewController.xib;
			sourceTree = "<group>";
		};
		54B265EA174B67DA00F427A5 /* InfoPlist.strings */ = {
			isa = PBXVariantGroup;
			children = (
				54B265EB174B67DA00F427A5 /* en */,
			);
			name = InfoPlist.strings;
			sourceTree = "<group>";
		};
		54B2660B174B68A800F427A5 /* InfoPlist.strings */ = {
			isa = PBXVariantGroup;
			children = (
				54B2660C174B68A800F427A5 /* en */,
			);
			name = InfoPlist.strings;
			sourceTree = "<group>";
		};
/* End PBXVariantGroup section */

/* Begin XCBuildConfiguration section */
		545BB4E0174471BF00DA959B /* Debug */ = {
			isa = XCBuildConfiguration;
			buildSettings = {
				ALWAYS_SEARCH_USER_PATHS = NO;
				CLANG_CXX_LANGUAGE_STANDARD = "gnu++0x";
				CLANG_CXX_LIBRARY = "libc++";
				CLANG_ENABLE_OBJC_ARC = YES;
				CLANG_WARN_CONSTANT_CONVERSION = YES;
				CLANG_WARN_EMPTY_BODY = YES;
				CLANG_WARN_ENUM_CONVERSION = YES;
				CLANG_WARN_INT_CONVERSION = YES;
				CLANG_WARN__DUPLICATE_METHOD_MATCH = YES;
				"CODE_SIGN_IDENTITY[sdk=iphoneos*]" = "iPhone Developer";
				COPY_PHASE_STRIP = NO;
				GCC_C_LANGUAGE_STANDARD = gnu99;
				GCC_DYNAMIC_NO_PIC = NO;
				GCC_OPTIMIZATION_LEVEL = 0;
				GCC_PREPROCESSOR_DEFINITIONS = (
					"DEBUG=1",
					"$(inherited)",
				);
				GCC_SYMBOLS_PRIVATE_EXTERN = NO;
				GCC_WARN_ABOUT_RETURN_TYPE = YES;
				GCC_WARN_UNINITIALIZED_AUTOS = YES;
				GCC_WARN_UNUSED_VARIABLE = YES;
				IPHONEOS_DEPLOYMENT_TARGET = 6.1;
				ONLY_ACTIVE_ARCH = YES;
				SDKROOT = iphoneos;
			};
			name = Debug;
		};
		545BB4E1174471BF00DA959B /* Release */ = {
			isa = XCBuildConfiguration;
			buildSettings = {
				ALWAYS_SEARCH_USER_PATHS = NO;
				CLANG_CXX_LANGUAGE_STANDARD = "gnu++0x";
				CLANG_CXX_LIBRARY = "libc++";
				CLANG_ENABLE_OBJC_ARC = YES;
				CLANG_WARN_CONSTANT_CONVERSION = YES;
				CLANG_WARN_EMPTY_BODY = YES;
				CLANG_WARN_ENUM_CONVERSION = YES;
				CLANG_WARN_INT_CONVERSION = YES;
				CLANG_WARN__DUPLICATE_METHOD_MATCH = YES;
				"CODE_SIGN_IDENTITY[sdk=iphoneos*]" = "iPhone Developer";
				COPY_PHASE_STRIP = YES;
				GCC_C_LANGUAGE_STANDARD = gnu99;
				GCC_WARN_ABOUT_RETURN_TYPE = YES;
				GCC_WARN_UNINITIALIZED_AUTOS = YES;
				GCC_WARN_UNUSED_VARIABLE = YES;
				IPHONEOS_DEPLOYMENT_TARGET = 6.1;
				OTHER_CFLAGS = "-DNS_BLOCK_ASSERTIONS=1";
				SDKROOT = iphoneos;
				VALIDATE_PRODUCT = YES;
			};
			name = Release;
		};
		545BB4E3174471BF00DA959B /* Debug */ = {
			isa = XCBuildConfiguration;
			buildSettings = {
				GCC_PRECOMPILE_PREFIX_HEADER = YES;
				GCC_PREFIX_HEADER = "janken/janken-Prefix.pch";
				INFOPLIST_FILE = "janken/janken-Info.plist";
				PRODUCT_NAME = "$(TARGET_NAME)";
				WRAPPER_EXTENSION = app;
			};
			name = Debug;
		};
		545BB4E4174471BF00DA959B /* Release */ = {
			isa = XCBuildConfiguration;
			buildSettings = {
				GCC_PRECOMPILE_PREFIX_HEADER = YES;
				GCC_PREFIX_HEADER = "janken/janken-Prefix.pch";
				INFOPLIST_FILE = "janken/janken-Info.plist";
				PRODUCT_NAME = "$(TARGET_NAME)";
				WRAPPER_EXTENSION = app;
			};
			name = Release;
		};
		54B265F9174B67DA00F427A5 /* Debug */ = {
			isa = XCBuildConfiguration;
			baseConfigurationReference = BCBC2CB363D34A5083FBF606 /* Pods-GHUnitTest.xcconfig */;
			buildSettings = {
				"CODE_SIGN_IDENTITY[sdk=iphoneos*]" = "iPhone Developer";
				GCC_PRECOMPILE_PREFIX_HEADER = YES;
				GCC_PREFIX_HEADER = "GHUnitTest/GHUnitTest-Prefix.pch";
				INFOPLIST_FILE = "GHUnitTest/GHUnitTest-Info.plist";
				OTHER_LDFLAGS = (
					"-ObjC",
					"-all_load",
				);
				PRODUCT_NAME = "$(TARGET_NAME)";
				WRAPPER_EXTENSION = app;
			};
			name = Debug;
		};
		54B265FA174B67DA00F427A5 /* Release */ = {
			isa = XCBuildConfiguration;
			baseConfigurationReference = BCBC2CB363D34A5083FBF606 /* Pods-GHUnitTest.xcconfig */;
			buildSettings = {
				"CODE_SIGN_IDENTITY[sdk=iphoneos*]" = "iPhone Developer";
				GCC_PRECOMPILE_PREFIX_HEADER = YES;
				GCC_PREFIX_HEADER = "GHUnitTest/GHUnitTest-Prefix.pch";
				INFOPLIST_FILE = "GHUnitTest/GHUnitTest-Info.plist";
				OTHER_LDFLAGS = (
					"-ObjC",
					"-all_load",
				);
				PRODUCT_NAME = "$(TARGET_NAME)";
				WRAPPER_EXTENSION = app;
			};
			name = Release;
		};
		54B26613174B68A800F427A5 /* Debug */ = {
			isa = XCBuildConfiguration;
			baseConfigurationReference = 3423303614F24E72B11E80A8 /* Pods-KiwiTest.xcconfig */;
			buildSettings = {
				BUNDLE_LOADER = "$(BUILT_PRODUCTS_DIR)/janken.app/janken";
				FRAMEWORK_SEARCH_PATHS = (
					"\"$(SDKROOT)/Developer/Library/Frameworks\"",
					"\"$(DEVELOPER_LIBRARY_DIR)/Frameworks\"",
				);
				GCC_PRECOMPILE_PREFIX_HEADER = YES;
				GCC_PREFIX_HEADER = "KiwiTest/KiwiTest-Prefix.pch";
				INFOPLIST_FILE = "KiwiTest/KiwiTest-Info.plist";
				PRODUCT_NAME = "$(TARGET_NAME)";
				TEST_HOST = "$(BUNDLE_LOADER)";
				WRAPPER_EXTENSION = octest;
			};
			name = Debug;
		};
		54B26614174B68A800F427A5 /* Release */ = {
			isa = XCBuildConfiguration;
			baseConfigurationReference = 3423303614F24E72B11E80A8 /* Pods-KiwiTest.xcconfig */;
			buildSettings = {
				BUNDLE_LOADER = "$(BUILT_PRODUCTS_DIR)/janken.app/janken";
				FRAMEWORK_SEARCH_PATHS = (
					"\"$(SDKROOT)/Developer/Library/Frameworks\"",
					"\"$(DEVELOPER_LIBRARY_DIR)/Frameworks\"",
				);
				GCC_PRECOMPILE_PREFIX_HEADER = YES;
				GCC_PREFIX_HEADER = "KiwiTest/KiwiTest-Prefix.pch";
				INFOPLIST_FILE = "KiwiTest/KiwiTest-Info.plist";
				PRODUCT_NAME = "$(TARGET_NAME)";
				TEST_HOST = "$(BUNDLE_LOADER)";
				WRAPPER_EXTENSION = octest;
			};
			name = Release;
		};
		54B26626174B698400F427A5 /* Debug */ = {
			isa = XCBuildConfiguration;
			baseConfigurationReference = DFBC0B08D937485CB1FBAA85 /* Pods-jankenKIF.xcconfig */;
			buildSettings = {
				GCC_PRECOMPILE_PREFIX_HEADER = YES;
				GCC_PREFIX_HEADER = "janken/janken-Prefix.pch";
				INFOPLIST_FILE = "janken copy-Info.plist";
				PRODUCT_NAME = "janken KIF";
				WRAPPER_EXTENSION = app;
			};
			name = Debug;
		};
		54B26627174B698400F427A5 /* Release */ = {
			isa = XCBuildConfiguration;
			baseConfigurationReference = DFBC0B08D937485CB1FBAA85 /* Pods-jankenKIF.xcconfig */;
			buildSettings = {
				GCC_PRECOMPILE_PREFIX_HEADER = YES;
				GCC_PREFIX_HEADER = "janken/janken-Prefix.pch";
				INFOPLIST_FILE = "janken copy-Info.plist";
				PRODUCT_NAME = "janken KIF";
				WRAPPER_EXTENSION = app;
			};
			name = Release;
		};
/* End XCBuildConfiguration section */

/* Begin XCConfigurationList section */
		545BB4BA174471BE00DA959B /* Build configuration list for PBXProject "janken" */ = {
			isa = XCConfigurationList;
			buildConfigurations = (
				545BB4E0174471BF00DA959B /* Debug */,
				545BB4E1174471BF00DA959B /* Release */,
			);
			defaultConfigurationIsVisible = 0;
			defaultConfigurationName = Release;
		};
		545BB4E2174471BF00DA959B /* Build configuration list for PBXNativeTarget "janken" */ = {
			isa = XCConfigurationList;
			buildConfigurations = (
				545BB4E3174471BF00DA959B /* Debug */,
				545BB4E4174471BF00DA959B /* Release */,
			);
			defaultConfigurationIsVisible = 0;
			defaultConfigurationName = Release;
		};
		54B265FB174B67DA00F427A5 /* Build configuration list for PBXNativeTarget "GHUnitTest" */ = {
			isa = XCConfigurationList;
			buildConfigurations = (
				54B265F9174B67DA00F427A5 /* Debug */,
				54B265FA174B67DA00F427A5 /* Release */,
			);
			defaultConfigurationIsVisible = 0;
			defaultConfigurationName = Release;
		};
		54B26612174B68A800F427A5 /* Build configuration list for PBXNativeTarget "KiwiTest" */ = {
			isa = XCConfigurationList;
			buildConfigurations = (
				54B26613174B68A800F427A5 /* Debug */,
				54B26614174B68A800F427A5 /* Release */,
			);
			defaultConfigurationIsVisible = 0;
			defaultConfigurationName = Release;
		};
		54B26625174B698400F427A5 /* Build configuration list for PBXNativeTarget "jankenKIF" */ = {
			isa = XCConfigurationList;
			buildConfigurations = (
				54B26626174B698400F427A5 /* Debug */,
				54B26627174B698400F427A5 /* Release */,
			);
			defaultConfigurationIsVisible = 0;
			defaultConfigurationName = Release;
		};
/* End XCConfigurationList section */
	};
	rootObject = 545BB4B7174471BE00DA959B /* Project object */;
}
