// !$*UTF8*$!
{
	archiveVersion = 1;
	classes = {
	};
	objectVersion = 46;
	objects = {

/* Begin PBXBuildFile section */
		5405EF32171D466100C6E9F5 /* UIKit.framework in Frameworks */ = {isa = PBXBuildFile; fileRef = 5405EF31171D466100C6E9F5 /* UIKit.framework */; };
		5405EF34171D466100C6E9F5 /* Foundation.framework in Frameworks */ = {isa = PBXBuildFile; fileRef = 5405EF33171D466100C6E9F5 /* Foundation.framework */; };
		5405EF36171D466100C6E9F5 /* CoreGraphics.framework in Frameworks */ = {isa = PBXBuildFile; fileRef = 5405EF35171D466100C6E9F5 /* CoreGraphics.framework */; };
		5405EF3C171D466100C6E9F5 /* InfoPlist.strings in Resources */ = {isa = PBXBuildFile; fileRef = 5405EF3A171D466100C6E9F5 /* InfoPlist.strings */; };
		5405EF3E171D466100C6E9F5 /* main.m in Sources */ = {isa = PBXBuildFile; fileRef = 5405EF3D171D466100C6E9F5 /* main.m */; };
		5405EF42171D466100C6E9F5 /* EFMAppDelegate.m in Sources */ = {isa = PBXBuildFile; fileRef = 5405EF41171D466100C6E9F5 /* EFMAppDelegate.m */; };
		5405EF44171D466100C6E9F5 /* Default.png in Resources */ = {isa = PBXBuildFile; fileRef = 5405EF43171D466100C6E9F5 /* Default.png */; };
		5405EF46171D466100C6E9F5 /* Default@2x.png in Resources */ = {isa = PBXBuildFile; fileRef = 5405EF45171D466100C6E9F5 /* Default@2x.png */; };
		5405EF48171D466100C6E9F5 /* Default-568h@2x.png in Resources */ = {isa = PBXBuildFile; fileRef = 5405EF47171D466100C6E9F5 /* Default-568h@2x.png */; };
		5405EF4B171D466100C6E9F5 /* EFMViewController.m in Sources */ = {isa = PBXBuildFile; fileRef = 5405EF4A171D466100C6E9F5 /* EFMViewController.m */; };
		5405EF4E171D466100C6E9F5 /* EFMViewController.xib in Resources */ = {isa = PBXBuildFile; fileRef = 5405EF4C171D466100C6E9F5 /* EFMViewController.xib */; };
		5405EF57171D46A000C6E9F5 /* EFMSecondViewController.m in Sources */ = {isa = PBXBuildFile; fileRef = 5405EF55171D46A000C6E9F5 /* EFMSecondViewController.m */; };
		5405EF58171D46A000C6E9F5 /* EFMSecondViewController.xib in Resources */ = {isa = PBXBuildFile; fileRef = 5405EF56171D46A000C6E9F5 /* EFMSecondViewController.xib */; };
/* End PBXBuildFile section */

/* Begin PBXFileReference section */
		5405EF2E171D466100C6E9F5 /* EternalForceModal.app */ = {isa = PBXFileReference; explicitFileType = wrapper.application; includeInIndex = 0; path = EternalForceModal.app; sourceTree = BUILT_PRODUCTS_DIR; };
		5405EF31171D466100C6E9F5 /* UIKit.framework */ = {isa = PBXFileReference; lastKnownFileType = wrapper.framework; name = UIKit.framework; path = System/Library/Frameworks/UIKit.framework; sourceTree = SDKROOT; };
		5405EF33171D466100C6E9F5 /* Foundation.framework */ = {isa = PBXFileReference; lastKnownFileType = wrapper.framework; name = Foundation.framework; path = System/Library/Frameworks/Foundation.framework; sourceTree = SDKROOT; };
		5405EF35171D466100C6E9F5 /* CoreGraphics.framework */ = {isa = PBXFileReference; lastKnownFileType = wrapper.framework; name = CoreGraphics.framework; path = System/Library/Frameworks/CoreGraphics.framework; sourceTree = SDKROOT; };
		5405EF39171D466100C6E9F5 /* EternalForceModal-Info.plist */ = {isa = PBXFileReference; lastKnownFileType = text.plist.xml; path = "EternalForceModal-Info.plist"; sourceTree = "<group>"; };
		5405EF3B171D466100C6E9F5 /* en */ = {isa = PBXFileReference; lastKnownFileType = text.plist.strings; name = en; path = en.lproj/InfoPlist.strings; sourceTree = "<group>"; };
		5405EF3D171D466100C6E9F5 /* main.m */ = {isa = PBXFileReference; lastKnownFileType = sourcecode.c.objc; path = main.m; sourceTree = "<group>"; };
		5405EF3F171D466100C6E9F5 /* EternalForceModal-Prefix.pch */ = {isa = PBXFileReference; lastKnownFileType = sourcecode.c.h; path = "EternalForceModal-Prefix.pch"; sourceTree = "<group>"; };
		5405EF40171D466100C6E9F5 /* EFMAppDelegate.h */ = {isa = PBXFileReference; lastKnownFileType = sourcecode.c.h; path = EFMAppDelegate.h; sourceTree = "<group>"; };
		5405EF41171D466100C6E9F5 /* EFMAppDelegate.m */ = {isa = PBXFileReference; lastKnownFileType = sourcecode.c.objc; path = EFMAppDelegate.m; sourceTree = "<group>"; };
		5405EF43171D466100C6E9F5 /* Default.png */ = {isa = PBXFileReference; lastKnownFileType = image.png; path = Default.png; sourceTree = "<group>"; };
		5405EF45171D466100C6E9F5 /* Default@2x.png */ = {isa = PBXFileReference; lastKnownFileType = image.png; path = "Default@2x.png"; sourceTree = "<group>"; };
		5405EF47171D466100C6E9F5 /* Default-568h@2x.png */ = {isa = PBXFileReference; lastKnownFileType = image.png; path = "Default-568h@2x.png"; sourceTree = "<group>"; };
		5405EF49171D466100C6E9F5 /* EFMViewController.h */ = {isa = PBXFileReference; lastKnownFileType = sourcecode.c.h; path = EFMViewController.h; sourceTree = "<group>"; };
		5405EF4A171D466100C6E9F5 /* EFMViewController.m */ = {isa = PBXFileReference; lastKnownFileType = sourcecode.c.objc; path = EFMViewController.m; sourceTree = "<group>"; };
		5405EF4D171D466100C6E9F5 /* en */ = {isa = PBXFileReference; lastKnownFileType = file.xib; name = en; path = en.lproj/EFMViewController.xib; sourceTree = "<group>"; };
		5405EF54171D46A000C6E9F5 /* EFMSecondViewController.h */ = {isa = PBXFileReference; fileEncoding = 4; lastKnownFileType = sourcecode.c.h; name = EFMSecondViewController.h; path = ../EFMSecondViewController.h; sourceTree = "<group>"; };
		5405EF55171D46A000C6E9F5 /* EFMSecondViewController.m */ = {isa = PBXFileReference; fileEncoding = 4; lastKnownFileType = sourcecode.c.objc; name = EFMSecondViewController.m; path = ../EFMSecondViewController.m; sourceTree = "<group>"; };
		5405EF56171D46A000C6E9F5 /* EFMSecondViewController.xib */ = {isa = PBXFileReference; fileEncoding = 4; lastKnownFileType = file.xib; name = EFMSecondViewController.xib; path = ../EFMSecondViewController.xib; sourceTree = "<group>"; };
/* End PBXFileReference section */

/* Begin PBXFrameworksBuildPhase section */
		5405EF2B171D466100C6E9F5 /* Frameworks */ = {
			isa = PBXFrameworksBuildPhase;
			buildActionMask = 2147483647;
			files = (
				5405EF32171D466100C6E9F5 /* UIKit.framework in Frameworks */,
				5405EF34171D466100C6E9F5 /* Foundation.framework in Frameworks */,
				5405EF36171D466100C6E9F5 /* CoreGraphics.framework in Frameworks */,
			);
			runOnlyForDeploymentPostprocessing = 0;
		};
/* End PBXFrameworksBuildPhase section */

/* Begin PBXGroup section */
		5405EF25171D466100C6E9F5 = {
			isa = PBXGroup;
			children = (
				5405EF37171D466100C6E9F5 /* EternalForceModal */,
				5405EF30171D466100C6E9F5 /* Frameworks */,
				5405EF2F171D466100C6E9F5 /* Products */,
			);
			sourceTree = "<group>";
		};
		5405EF2F171D466100C6E9F5 /* Products */ = {
			isa = PBXGroup;
			children = (
				5405EF2E171D466100C6E9F5 /* EternalForceModal.app */,
			);
			name = Products;
			sourceTree = "<group>";
		};
		5405EF30171D466100C6E9F5 /* Frameworks */ = {
			isa = PBXGroup;
			children = (
				5405EF31171D466100C6E9F5 /* UIKit.framework */,
				5405EF33171D466100C6E9F5 /* Foundation.framework */,
				5405EF35171D466100C6E9F5 /* CoreGraphics.framework */,
			);
			name = Frameworks;
			sourceTree = "<group>";
		};
		5405EF37171D466100C6E9F5 /* EternalForceModal */ = {
			isa = PBXGroup;
			children = (
				5405EF40171D466100C6E9F5 /* EFMAppDelegate.h */,
				5405EF41171D466100C6E9F5 /* EFMAppDelegate.m */,
				5405EF54171D46A000C6E9F5 /* EFMSecondViewController.h */,
				5405EF55171D46A000C6E9F5 /* EFMSecondViewController.m */,
				5405EF56171D46A000C6E9F5 /* EFMSecondViewController.xib */,
				5405EF49171D466100C6E9F5 /* EFMViewController.h */,
				5405EF4A171D466100C6E9F5 /* EFMViewController.m */,
				5405EF4C171D466100C6E9F5 /* EFMViewController.xib */,
				5405EF38171D466100C6E9F5 /* Supporting Files */,
			);
			path = EternalForceModal;
			sourceTree = "<group>";
		};
		5405EF38171D466100C6E9F5 /* Supporting Files */ = {
			isa = PBXGroup;
			children = (
				5405EF39171D466100C6E9F5 /* EternalForceModal-Info.plist */,
				5405EF3A171D466100C6E9F5 /* InfoPlist.strings */,
				5405EF3D171D466100C6E9F5 /* main.m */,
				5405EF3F171D466100C6E9F5 /* EternalForceModal-Prefix.pch */,
				5405EF43171D466100C6E9F5 /* Default.png */,
				5405EF45171D466100C6E9F5 /* Default@2x.png */,
				5405EF47171D466100C6E9F5 /* Default-568h@2x.png */,
			);
			name = "Supporting Files";
			sourceTree = "<group>";
		};
/* End PBXGroup section */

/* Begin PBXNativeTarget section */
		5405EF2D171D466100C6E9F5 /* EternalForceModal */ = {
			isa = PBXNativeTarget;
			buildConfigurationList = 5405EF51171D466100C6E9F5 /* Build configuration list for PBXNativeTarget "EternalForceModal" */;
			buildPhases = (
				5405EF2A171D466100C6E9F5 /* Sources */,
				5405EF2B171D466100C6E9F5 /* Frameworks */,
				5405EF2C171D466100C6E9F5 /* Resources */,
			);
			buildRules = (
			);
			dependencies = (
			);
			name = EternalForceModal;
			productName = EternalForceModal;
			productReference = 5405EF2E171D466100C6E9F5 /* EternalForceModal.app */;
			productType = "com.apple.product-type.application";
		};
/* End PBXNativeTarget section */

/* Begin PBXProject section */
		5405EF26171D466100C6E9F5 /* Project object */ = {
			isa = PBXProject;
			attributes = {
				CLASSPREFIX = EFM;
				LastUpgradeCheck = 0460;
				ORGANIZATIONNAME = "武田 祐一";
			};
			buildConfigurationList = 5405EF29171D466100C6E9F5 /* Build configuration list for PBXProject "EternalForceModal" */;
			compatibilityVersion = "Xcode 3.2";
			developmentRegion = English;
			hasScannedForEncodings = 0;
			knownRegions = (
				en,
			);
			mainGroup = 5405EF25171D466100C6E9F5;
			productRefGroup = 5405EF2F171D466100C6E9F5 /* Products */;
			projectDirPath = "";
			projectRoot = "";
			targets = (
				5405EF2D171D466100C6E9F5 /* EternalForceModal */,
			);
		};
/* End PBXProject section */

/* Begin PBXResourcesBuildPhase section */
		5405EF2C171D466100C6E9F5 /* Resources */ = {
			isa = PBXResourcesBuildPhase;
			buildActionMask = 2147483647;
			files = (
				5405EF3C171D466100C6E9F5 /* InfoPlist.strings in Resources */,
				5405EF44171D466100C6E9F5 /* Default.png in Resources */,
				5405EF46171D466100C6E9F5 /* Default@2x.png in Resources */,
				5405EF48171D466100C6E9F5 /* Default-568h@2x.png in Resources */,
				5405EF4E171D466100C6E9F5 /* EFMViewController.xib in Resources */,
				5405EF58171D46A000C6E9F5 /* EFMSecondViewController.xib in Resources */,
			);
			runOnlyForDeploymentPostprocessing = 0;
		};
/* End PBXResourcesBuildPhase section */

/* Begin PBXSourcesBuildPhase section */
		5405EF2A171D466100C6E9F5 /* Sources */ = {
			isa = PBXSourcesBuildPhase;
			buildActionMask = 2147483647;
			files = (
				5405EF3E171D466100C6E9F5 /* main.m in Sources */,
				5405EF42171D466100C6E9F5 /* EFMAppDelegate.m in Sources */,
				5405EF4B171D466100C6E9F5 /* EFMViewController.m in Sources */,
				5405EF57171D46A000C6E9F5 /* EFMSecondViewController.m in Sources */,
			);
			runOnlyForDeploymentPostprocessing = 0;
		};
/* End PBXSourcesBuildPhase section */

/* Begin PBXVariantGroup section */
		5405EF3A171D466100C6E9F5 /* InfoPlist.strings */ = {
			isa = PBXVariantGroup;
			children = (
				5405EF3B171D466100C6E9F5 /* en */,
			);
			name = InfoPlist.strings;
			sourceTree = "<group>";
		};
		5405EF4C171D466100C6E9F5 /* EFMViewController.xib */ = {
			isa = PBXVariantGroup;
			children = (
				5405EF4D171D466100C6E9F5 /* en */,
			);
			name = EFMViewController.xib;
			sourceTree = "<group>";
		};
/* End PBXVariantGroup section */

/* Begin XCBuildConfiguration section */
		5405EF4F171D466100C6E9F5 /* Debug */ = {
			isa = XCBuildConfiguration;
			buildSettings = {
				ALWAYS_SEARCH_USER_PATHS = NO;
				CLANG_CXX_LANGUAGE_STANDARD = "gnu++0x";
				CLANG_CXX_LIBRARY = "libc++";
				CLANG_ENABLE_OBJC_ARC = YES;
				CLANG_WARN_CONSTANT_CONVERSION = YES;
				CLANG_WARN_EMPTY_BODY = YES;
				CLANG_WARN_ENUM_CONVERSION = YES;
				CLANG_WARN_INT_CONVERSION = YES;
				CLANG_WARN__DUPLICATE_METHOD_MATCH = YES;
				"CODE_SIGN_IDENTITY[sdk=iphoneos*]" = "iPhone Developer";
				COPY_PHASE_STRIP = NO;
				GCC_C_LANGUAGE_STANDARD = gnu99;
				GCC_DYNAMIC_NO_PIC = NO;
				GCC_OPTIMIZATION_LEVEL = 0;
				GCC_PREPROCESSOR_DEFINITIONS = (
					"DEBUG=1",
					"$(inherited)",
				);
				GCC_SYMBOLS_PRIVATE_EXTERN = NO;
				GCC_WARN_ABOUT_RETURN_TYPE = YES;
				GCC_WARN_UNINITIALIZED_AUTOS = YES;
				GCC_WARN_UNUSED_VARIABLE = YES;
				IPHONEOS_DEPLOYMENT_TARGET = 6.1;
				ONLY_ACTIVE_ARCH = YES;
				SDKROOT = iphoneos;
			};
			name = Debug;
		};
		5405EF50171D466100C6E9F5 /* Release */ = {
			isa = XCBuildConfiguration;
			buildSettings = {
				ALWAYS_SEARCH_USER_PATHS = NO;
				CLANG_CXX_LANGUAGE_STANDARD = "gnu++0x";
				CLANG_CXX_LIBRARY = "libc++";
				CLANG_ENABLE_OBJC_ARC = YES;
				CLANG_WARN_CONSTANT_CONVERSION = YES;
				CLANG_WARN_EMPTY_BODY = YES;
				CLANG_WARN_ENUM_CONVERSION = YES;
				CLANG_WARN_INT_CONVERSION = YES;
				CLANG_WARN__DUPLICATE_METHOD_MATCH = YES;
				"CODE_SIGN_IDENTITY[sdk=iphoneos*]" = "iPhone Developer";
				COPY_PHASE_STRIP = YES;
				GCC_C_LANGUAGE_STANDARD = gnu99;
				GCC_WARN_ABOUT_RETURN_TYPE = YES;
				GCC_WARN_UNINITIALIZED_AUTOS = YES;
				GCC_WARN_UNUSED_VARIABLE = YES;
				IPHONEOS_DEPLOYMENT_TARGET = 6.1;
				OTHER_CFLAGS = "-DNS_BLOCK_ASSERTIONS=1";
				SDKROOT = iphoneos;
				VALIDATE_PRODUCT = YES;
			};
			name = Release;
		};
		5405EF52171D466100C6E9F5 /* Debug */ = {
			isa = XCBuildConfiguration;
			buildSettings = {
				GCC_PRECOMPILE_PREFIX_HEADER = YES;
				GCC_PREFIX_HEADER = "EternalForceModal/EternalForceModal-Prefix.pch";
				INFOPLIST_FILE = "EternalForceModal/EternalForceModal-Info.plist";
				PRODUCT_NAME = "$(TARGET_NAME)";
				WRAPPER_EXTENSION = app;
			};
			name = Debug;
		};
		5405EF53171D466100C6E9F5 /* Release */ = {
			isa = XCBuildConfiguration;
			buildSettings = {
				GCC_PRECOMPILE_PREFIX_HEADER = YES;
				GCC_PREFIX_HEADER = "EternalForceModal/EternalForceModal-Prefix.pch";
				INFOPLIST_FILE = "EternalForceModal/EternalForceModal-Info.plist";
				PRODUCT_NAME = "$(TARGET_NAME)";
				WRAPPER_EXTENSION = app;
			};
			name = Release;
		};
/* End XCBuildConfiguration section */

/* Begin XCConfigurationList section */
		5405EF29171D466100C6E9F5 /* Build configuration list for PBXProject "EternalForceModal" */ = {
			isa = XCConfigurationList;
			buildConfigurations = (
				5405EF4F171D466100C6E9F5 /* Debug */,
				5405EF50171D466100C6E9F5 /* Release */,
			);
			defaultConfigurationIsVisible = 0;
			defaultConfigurationName = Release;
		};
		5405EF51171D466100C6E9F5 /* Build configuration list for PBXNativeTarget "EternalForceModal" */ = {
			isa = XCConfigurationList;
			buildConfigurations = (
				5405EF52171D466100C6E9F5 /* Debug */,
				5405EF53171D466100C6E9F5 /* Release */,
			);
			defaultConfigurationIsVisible = 0;
		};
/* End XCConfigurationList section */
	};
	rootObject = 5405EF26171D466100C6E9F5 /* Project object */;
}
