// !$*UTF8*$!
{
	archiveVersion = 1;
	classes = {
	};
	objectVersion = 46;
	objects = {

/* Begin PBXBuildFile section */
		9DDEA2321DBE386A002847E2 /* AppDelegate.swift in Sources */ = {isa = PBXBuildFile; fileRef = 9DDEA2311DBE386A002847E2 /* AppDelegate.swift */; };
		9DDEA2341DBE386A002847E2 /* ViewController.swift in Sources */ = {isa = PBXBuildFile; fileRef = 9DDEA2331DBE386A002847E2 /* ViewController.swift */; };
		9DDEA2371DBE386A002847E2 /* Main.storyboard in Resources */ = {isa = PBXBuildFile; fileRef = 9DDEA2351DBE386A002847E2 /* Main.storyboard */; };
		9DDEA2391DBE386A002847E2 /* Assets.xcassets in Resources */ = {isa = PBXBuildFile; fileRef = 9DDEA2381DBE386A002847E2 /* Assets.xcassets */; };
		9DDEA23C1DBE386A002847E2 /* LaunchScreen.storyboard in Resources */ = {isa = PBXBuildFile; fileRef = 9DDEA23A1DBE386A002847E2 /* LaunchScreen.storyboard */; };
		9DDEA2451DBE38F1002847E2 /* CustomCell.swift in Sources */ = {isa = PBXBuildFile; fileRef = 9DDEA2431DBE38F1002847E2 /* CustomCell.swift */; };
		9DDEA2461DBE38F1002847E2 /* CustomCell.xib in Resources */ = {isa = PBXBuildFile; fileRef = 9DDEA2441DBE38F1002847E2 /* CustomCell.xib */; };
		9DDEA24A1DBE49EE002847E2 /* CustomCell2.xib in Resources */ = {isa = PBXBuildFile; fileRef = 9DDEA2481DBE49EE002847E2 /* CustomCell2.xib */; };
/* End PBXBuildFile section */

/* Begin PBXFileReference section */
		9DDEA22E1DBE386A002847E2 /* CustomCellSample.app */ = {isa = PBXFileReference; explicitFileType = wrapper.application; includeInIndex = 0; path = CustomCellSample.app; sourceTree = BUILT_PRODUCTS_DIR; };
		9DDEA2311DBE386A002847E2 /* AppDelegate.swift */ = {isa = PBXFileReference; lastKnownFileType = sourcecode.swift; path = AppDelegate.swift; sourceTree = "<group>"; };
		9DDEA2331DBE386A002847E2 /* ViewController.swift */ = {isa = PBXFileReference; lastKnownFileType = sourcecode.swift; path = ViewController.swift; sourceTree = "<group>"; };
		9DDEA2361DBE386A002847E2 /* Base */ = {isa = PBXFileReference; lastKnownFileType = file.storyboard; name = Base; path = Base.lproj/Main.storyboard; sourceTree = "<group>"; };
		9DDEA2381DBE386A002847E2 /* Assets.xcassets */ = {isa = PBXFileReference; lastKnownFileType = folder.assetcatalog; path = Assets.xcassets; sourceTree = "<group>"; };
		9DDEA23B1DBE386A002847E2 /* Base */ = {isa = PBXFileReference; lastKnownFileType = file.storyboard; name = Base; path = Base.lproj/LaunchScreen.storyboard; sourceTree = "<group>"; };
		9DDEA23D1DBE386A002847E2 /* Info.plist */ = {isa = PBXFileReference; lastKnownFileType = text.plist.xml; path = Info.plist; sourceTree = "<group>"; };
		9DDEA2431DBE38F1002847E2 /* CustomCell.swift */ = {isa = PBXFileReference; fileEncoding = 4; lastKnownFileType = sourcecode.swift; path = CustomCell.swift; sourceTree = "<group>"; };
		9DDEA2441DBE38F1002847E2 /* CustomCell.xib */ = {isa = PBXFileReference; fileEncoding = 4; lastKnownFileType = file.xib; path = CustomCell.xib; sourceTree = "<group>"; };
		9DDEA2481DBE49EE002847E2 /* CustomCell2.xib */ = {isa = PBXFileReference; fileEncoding = 4; lastKnownFileType = file.xib; path = CustomCell2.xib; sourceTree = "<group>"; };
/* End PBXFileReference section */

/* Begin PBXFrameworksBuildPhase section */
		9DDEA22B1DBE3869002847E2 /* Frameworks */ = {
			isa = PBXFrameworksBuildPhase;
			buildActionMask = 2147483647;
			files = (
			);
			runOnlyForDeploymentPostprocessing = 0;
		};
/* End PBXFrameworksBuildPhase section */

/* Begin PBXGroup section */
		9DDEA2251DBE3869002847E2 = {
			isa = PBXGroup;
			children = (
				9DDEA2301DBE386A002847E2 /* CustomCellSample */,
				9DDEA22F1DBE386A002847E2 /* Products */,
			);
			sourceTree = "<group>";
		};
		9DDEA22F1DBE386A002847E2 /* Products */ = {
			isa = PBXGroup;
			children = (
				9DDEA22E1DBE386A002847E2 /* CustomCellSample.app */,
			);
			name = Products;
			sourceTree = "<group>";
		};
		9DDEA2301DBE386A002847E2 /* CustomCellSample */ = {
			isa = PBXGroup;
			children = (
				9DDEA2311DBE386A002847E2 /* AppDelegate.swift */,
				9DDEA2331DBE386A002847E2 /* ViewController.swift */,
				9DDEA2351DBE386A002847E2 /* Main.storyboard */,
				9DDEA2431DBE38F1002847E2 /* CustomCell.swift */,
				9DDEA2441DBE38F1002847E2 /* CustomCell.xib */,
				9DDEA2481DBE49EE002847E2 /* CustomCell2.xib */,
				9DDEA2381DBE386A002847E2 /* Assets.xcassets */,
				9DDEA23A1DBE386A002847E2 /* LaunchScreen.storyboard */,
				9DDEA23D1DBE386A002847E2 /* Info.plist */,
			);
			path = CustomCellSample;
			sourceTree = "<group>";
		};
/* End PBXGroup section */

/* Begin PBXNativeTarget section */
		9DDEA22D1DBE3869002847E2 /* CustomCellSample */ = {
			isa = PBXNativeTarget;
			buildConfigurationList = 9DDEA2401DBE386A002847E2 /* Build configuration list for PBXNativeTarget "CustomCellSample" */;
			buildPhases = (
				9DDEA22A1DBE3869002847E2 /* Sources */,
				9DDEA22B1DBE3869002847E2 /* Frameworks */,
				9DDEA22C1DBE3869002847E2 /* Resources */,
			);
			buildRules = (
			);
			dependencies = (
			);
			name = CustomCellSample;
			productName = CustomCellSample;
			productReference = 9DDEA22E1DBE386A002847E2 /* CustomCellSample.app */;
			productType = "com.apple.product-type.application";
		};
/* End PBXNativeTarget section */

/* Begin PBXProject section */
		9DDEA2261DBE3869002847E2 /* Project object */ = {
			isa = PBXProject;
			attributes = {
				LastSwiftUpdateCheck = 0800;
				LastUpgradeCheck = 0800;
				ORGANIZATIONNAME = "szk-atmosphere";
				TargetAttributes = {
					9DDEA22D1DBE3869002847E2 = {
						CreatedOnToolsVersion = 8.0;
						ProvisioningStyle = Automatic;
					};
				};
			};
			buildConfigurationList = 9DDEA2291DBE3869002847E2 /* Build configuration list for PBXProject "CustomCellSample" */;
			compatibilityVersion = "Xcode 3.2";
			developmentRegion = English;
			hasScannedForEncodings = 0;
			knownRegions = (
				en,
				Base,
			);
			mainGroup = 9DDEA2251DBE3869002847E2;
			productRefGroup = 9DDEA22F1DBE386A002847E2 /* Products */;
			projectDirPath = "";
			projectRoot = "";
			targets = (
				9DDEA22D1DBE3869002847E2 /* CustomCellSample */,
			);
		};
/* End PBXProject section */

/* Begin PBXResourcesBuildPhase section */
		9DDEA22C1DBE3869002847E2 /* Resources */ = {
			isa = PBXResourcesBuildPhase;
			buildActionMask = 2147483647;
			files = (
				9DDEA23C1DBE386A002847E2 /* LaunchScreen.storyboard in Resources */,
				9DDEA2391DBE386A002847E2 /* Assets.xcassets in Resources */,
				9DDEA2461DBE38F1002847E2 /* CustomCell.xib in Resources */,
				9DDEA2371DBE386A002847E2 /* Main.storyboard in Resources */,
				9DDEA24A1DBE49EE002847E2 /* CustomCell2.xib in Resources */,
			);
			runOnlyForDeploymentPostprocessing = 0;
		};
/* End PBXResourcesBuildPhase section */

/* Begin PBXSourcesBuildPhase section */
		9DDEA22A1DBE3869002847E2 /* Sources */ = {
			isa = PBXSourcesBuildPhase;
			buildActionMask = 2147483647;
			files = (
				9DDEA2341DBE386A002847E2 /* ViewController.swift in Sources */,
				9DDEA2451DBE38F1002847E2 /* CustomCell.swift in Sources */,
				9DDEA2321DBE386A002847E2 /* AppDelegate.swift in Sources */,
			);
			runOnlyForDeploymentPostprocessing = 0;
		};
/* End PBXSourcesBuildPhase section */

/* Begin PBXVariantGroup section */
		9DDEA2351DBE386A002847E2 /* Main.storyboard */ = {
			isa = PBXVariantGroup;
			children = (
				9DDEA2361DBE386A002847E2 /* Base */,
			);
			name = Main.storyboard;
			sourceTree = "<group>";
		};
		9DDEA23A1DBE386A002847E2 /* LaunchScreen.storyboard */ = {
			isa = PBXVariantGroup;
			children = (
				9DDEA23B1DBE386A002847E2 /* Base */,
			);
			name = LaunchScreen.storyboard;
			sourceTree = "<group>";
		};
/* End PBXVariantGroup section */

/* Begin XCBuildConfiguration section */
		9DDEA23E1DBE386A002847E2 /* Debug */ = {
			isa = XCBuildConfiguration;
			buildSettings = {
				ALWAYS_SEARCH_USER_PATHS = NO;
				CLANG_ANALYZER_NONNULL = YES;
				CLANG_CXX_LANGUAGE_STANDARD = "gnu++0x";
				CLANG_CXX_LIBRARY = "libc++";
				CLANG_ENABLE_MODULES = YES;
				CLANG_ENABLE_OBJC_ARC = YES;
				CLANG_WARN_BOOL_CONVERSION = YES;
				CLANG_WARN_CONSTANT_CONVERSION = YES;
				CLANG_WARN_DIRECT_OBJC_ISA_USAGE = YES_ERROR;
				CLANG_WARN_DOCUMENTATION_COMMENTS = YES;
				CLANG_WARN_EMPTY_BODY = YES;
				CLANG_WARN_ENUM_CONVERSION = YES;
				CLANG_WARN_INFINITE_RECURSION = YES;
				CLANG_WARN_INT_CONVERSION = YES;
				CLANG_WARN_OBJC_ROOT_CLASS = YES_ERROR;
				CLANG_WARN_SUSPICIOUS_MOVES = YES;
				CLANG_WARN_UNREACHABLE_CODE = YES;
				CLANG_WARN__DUPLICATE_METHOD_MATCH = YES;
				"CODE_SIGN_IDENTITY[sdk=iphoneos*]" = "iPhone Developer";
				COPY_PHASE_STRIP = NO;
				DEBUG_INFORMATION_FORMAT = dwarf;
				ENABLE_STRICT_OBJC_MSGSEND = YES;
				ENABLE_TESTABILITY = YES;
				GCC_C_LANGUAGE_STANDARD = gnu99;
				GCC_DYNAMIC_NO_PIC = NO;
				GCC_NO_COMMON_BLOCKS = YES;
				GCC_OPTIMIZATION_LEVEL = 0;
				GCC_PREPROCESSOR_DEFINITIONS = (
					"DEBUG=1",
					"$(inherited)",
				);
				GCC_WARN_64_TO_32_BIT_CONVERSION = YES;
				GCC_WARN_ABOUT_RETURN_TYPE = YES_ERROR;
				GCC_WARN_UNDECLARED_SELECTOR = YES;
				GCC_WARN_UNINITIALIZED_AUTOS = YES_AGGRESSIVE;
				GCC_WARN_UNUSED_FUNCTION = YES;
				GCC_WARN_UNUSED_VARIABLE = YES;
				IPHONEOS_DEPLOYMENT_TARGET = 10.0;
				MTL_ENABLE_DEBUG_INFO = YES;
				ONLY_ACTIVE_ARCH = YES;
				SDKROOT = iphoneos;
				SWIFT_ACTIVE_COMPILATION_CONDITIONS = DEBUG;
				SWIFT_OPTIMIZATION_LEVEL = "-Onone";
			};
			name = Debug;
		};
		9DDEA23F1DBE386A002847E2 /* Release */ = {
			isa = XCBuildConfiguration;
			buildSettings = {
				ALWAYS_SEARCH_USER_PATHS = NO;
				CLANG_ANALYZER_NONNULL = YES;
				CLANG_CXX_LANGUAGE_STANDARD = "gnu++0x";
				CLANG_CXX_LIBRARY = "libc++";
				CLANG_ENABLE_MODULES = YES;
				CLANG_ENABLE_OBJC_ARC = YES;
				CLANG_WARN_BOOL_CONVERSION = YES;
				CLANG_WARN_CONSTANT_CONVERSION = YES;
				CLANG_WARN_DIRECT_OBJC_ISA_USAGE = YES_ERROR;
				CLANG_WARN_DOCUMENTATION_COMMENTS = YES;
				CLANG_WARN_EMPTY_BODY = YES;
				CLANG_WARN_ENUM_CONVERSION = YES;
				CLANG_WARN_INFINITE_RECURSION = YES;
				CLANG_WARN_INT_CONVERSION = YES;
				CLANG_WARN_OBJC_ROOT_CLASS = YES_ERROR;
				CLANG_WARN_SUSPICIOUS_MOVES = YES;
				CLANG_WARN_UNREACHABLE_CODE = YES;
				CLANG_WARN__DUPLICATE_METHOD_MATCH = YES;
				"CODE_SIGN_IDENTITY[sdk=iphoneos*]" = "iPhone Developer";
				COPY_PHASE_STRIP = NO;
				DEBUG_INFORMATION_FORMAT = "dwarf-with-dsym";
				ENABLE_NS_ASSERTIONS = NO;
				ENABLE_STRICT_OBJC_MSGSEND = YES;
				GCC_C_LANGUAGE_STANDARD = gnu99;
				GCC_NO_COMMON_BLOCKS = YES;
				GCC_WARN_64_TO_32_BIT_CONVERSION = YES;
				GCC_WARN_ABOUT_RETURN_TYPE = YES_ERROR;
				GCC_WARN_UNDECLARED_SELECTOR = YES;
				GCC_WARN_UNINITIALIZED_AUTOS = YES_AGGRESSIVE;
				GCC_WARN_UNUSED_FUNCTION = YES;
				GCC_WARN_UNUSED_VARIABLE = YES;
				IPHONEOS_DEPLOYMENT_TARGET = 10.0;
				MTL_ENABLE_DEBUG_INFO = NO;
				SDKROOT = iphoneos;
				SWIFT_OPTIMIZATION_LEVEL = "-Owholemodule";
				VALIDATE_PRODUCT = YES;
			};
			name = Release;
		};
		9DDEA2411DBE386A002847E2 /* Debug */ = {
			isa = XCBuildConfiguration;
			buildSettings = {
				ASSETCATALOG_COMPILER_APPICON_NAME = AppIcon;
				INFOPLIST_FILE = CustomCellSample/Info.plist;
				LD_RUNPATH_SEARCH_PATHS = "$(inherited) @executable_path/Frameworks";
				PRODUCT_BUNDLE_IDENTIFIER = "szk-atmosphere.CustomCellSample";
				PRODUCT_NAME = "$(TARGET_NAME)";
				SWIFT_VERSION = 3.0;
			};
			name = Debug;
		};
		9DDEA2421DBE386A002847E2 /* Release */ = {
			isa = XCBuildConfiguration;
			buildSettings = {
				ASSETCATALOG_COMPILER_APPICON_NAME = AppIcon;
				INFOPLIST_FILE = CustomCellSample/Info.plist;
				LD_RUNPATH_SEARCH_PATHS = "$(inherited) @executable_path/Frameworks";
				PRODUCT_BUNDLE_IDENTIFIER = "szk-atmosphere.CustomCellSample";
				PRODUCT_NAME = "$(TARGET_NAME)";
				SWIFT_VERSION = 3.0;
			};
			name = Release;
		};
/* End XCBuildConfiguration section */

/* Begin XCConfigurationList section */
		9DDEA2291DBE3869002847E2 /* Build configuration list for PBXProject "CustomCellSample" */ = {
			isa = XCConfigurationList;
			buildConfigurations = (
				9DDEA23E1DBE386A002847E2 /* Debug */,
				9DDEA23F1DBE386A002847E2 /* Release */,
			);
			defaultConfigurationIsVisible = 0;
			defaultConfigurationName = Release;
		};
		9DDEA2401DBE386A002847E2 /* Build configuration list for PBXNativeTarget "CustomCellSample" */ = {
			isa = XCConfigurationList;
			buildConfigurations = (
				9DDEA2411DBE386A002847E2 /* Debug */,
				9DDEA2421DBE386A002847E2 /* Release */,
			);
			defaultConfigurationIsVisible = 0;
		};
/* End XCConfigurationList section */
	};
	rootObject = 9DDEA2261DBE3869002847E2 /* Project object */;
}
